{
  "name": "camelothub-deploy",
  "version": "1.0.0",
  "lockfileVersion": 1,
  "requires": true,
  "dependencies": {
    "async": {
      "version": "1.2.0",
      "resolved": "https://registry.npmjs.org/async/-/async-1.2.0.tgz",
      "integrity": "sha1-kClYD5PQWnyrJPUCyEcHrD71exA=",
      "dev": true
    },
    "jszip": {
      "version": "2.5.0",
      "resolved": "https://registry.npmjs.org/jszip/-/jszip-2.5.0.tgz",
      "integrity": "sha1-dET9hVHd8+XacZj+oMkbyDCMwnQ=",
      "dev": true,
      "requires": {
        "pako": "~0.2.5"
      }
    },
    "mime-db": {
      "version": "1.11.0",
      "resolved": "https://registry.npmjs.org/mime-db/-/mime-db-1.11.0.tgz",
      "integrity": "sha1-ZY4VY7Utczp4FhIkuDUWa0Vwaas=",
      "dev": true
    },
    "mime-types": {
      "version": "2.0.13",
      "resolved": "https://registry.npmjs.org/mime-types/-/mime-types-2.0.13.tgz",
      "integrity": "sha1-Mz9Vea5usgP9jzClaKhp0xqPHKw=",
      "dev": true,
      "requires": {
        "mime-db": "~1.11.0"
      }
    },
    "pako": {
      "version": "0.2.9",
      "resolved": "https://registry.npmjs.org/pako/-/pako-0.2.9.tgz",
      "integrity": "sha1-8/dSL073gjSNqBYbrZ7P1Rv4OnU=",
      "dev": true
    }
  }
}
